
Microsoft Visual Studio Solution File, Format Version 12.00
# Visual Studio Version 16
VisualStudioVersion = 16.0.28917.181
MinimumVisualStudioVersion = 10.0.40219.1
Project("{FAE04EC0-301F-11D3-BF4B-00C04F79EFBC}") = "SchoolProject", "SchoolProject\SchoolProject.csproj", "{8990E56D-3AC3-4615-9104-6665B2EFB9B0}"
EndProject
Global
	GlobalSection(SolutionConfigurationPlatforms) = preSolution
		Debug|Any CPU = Debug|Any CPU
		Release|Any CPU = Release|Any CPU
	EndGlobalSection
	GlobalSection(ProjectConfigurationPlatforms) = postSolution
		{8990E56D-3AC3-4615-9104-6665B2EFB9B0}.Debug|Any CPU.ActiveCfg = Debug|Any CPU
		{8990E56D-3AC3-4615-9104-6665B2EFB9B0}.Debug|Any CPU.Build.0 = Debug|Any CPU
		{8990E56D-3AC3-4615-9104-6665B2EFB9B0}.Release|Any CPU.ActiveCfg = Release|Any CPU
		{8990E56D-3AC3-4615-9104-6665B2EFB9B0}.Release|Any CPU.Build.0 = Release|Any CPU
	EndGlobalSection
	GlobalSection(SolutionProperties) = preSolution
		HideSolutionNode = FALSE
	EndGlobalSection
	GlobalSection(ExtensibilityGlobals) = postSolution
		SolutionGuid = {1E200AE6-0403-4DFC-86D2-4B4925187C96}
	EndGlobalSection
EndGlobal
